// !$*UTF8*$!
{
	archiveVersion = 1;
	classes = {
	};
	objectVersion = 46;
	objects = {

/* Begin PBXBuildFile section */
		9987D2151BFCD6C700B14779 /* AppDelegate.swift in Sources */ = {isa = PBXBuildFile; fileRef = 9987D2141BFCD6C700B14779 /* AppDelegate.swift */; };
		9987D2171BFCD6C700B14779 /* ViewController.swift in Sources */ = {isa = PBXBuildFile; fileRef = 9987D2161BFCD6C700B14779 /* ViewController.swift */; };
		9987D21A1BFCD6C700B14779 /* Main.storyboard in Resources */ = {isa = PBXBuildFile; fileRef = 9987D2181BFCD6C700B14779 /* Main.storyboard */; };
		9987D21C1BFCD6C700B14779 /* Assets.xcassets in Resources */ = {isa = PBXBuildFile; fileRef = 9987D21B1BFCD6C700B14779 /* Assets.xcassets */; };
		9987D21F1BFCD6C700B14779 /* LaunchScreen.storyboard in Resources */ = {isa = PBXBuildFile; fileRef = 9987D21D1BFCD6C700B14779 /* LaunchScreen.storyboard */; };
		9987D2281BFCDA1800B14779 /* BusinessCell.swift in Sources */ = {isa = PBXBuildFile; fileRef = 9987D2271BFCDA1800B14779 /* BusinessCell.swift */; };
		9987D22B1BFCDBA600B14779 /* BusinessesViewController.swift in Sources */ = {isa = PBXBuildFile; fileRef = 9987D22A1BFCDBA600B14779 /* BusinessesViewController.swift */; };
		9987D22E1BFCDD8A00B14779 /* Business.swift in Sources */ = {isa = PBXBuildFile; fileRef = 9987D22D1BFCDD8A00B14779 /* Business.swift */; };
		9987D2311BFCE22000B14779 /* YelpClient.swift in Sources */ = {isa = PBXBuildFile; fileRef = 9987D2301BFCE22000B14779 /* YelpClient.swift */; };
/* End PBXBuildFile section */

/* Begin PBXFileReference section */
		9987D2111BFCD6C700B14779 /* Yelp.app */ = {isa = PBXFileReference; explicitFileType = wrapper.application; includeInIndex = 0; path = Yelp.app; sourceTree = BUILT_PRODUCTS_DIR; };
		9987D2141BFCD6C700B14779 /* AppDelegate.swift */ = {isa = PBXFileReference; lastKnownFileType = sourcecode.swift; path = AppDelegate.swift; sourceTree = "<group>"; };
		9987D2161BFCD6C700B14779 /* ViewController.swift */ = {isa = PBXFileReference; lastKnownFileType = sourcecode.swift; path = ViewController.swift; sourceTree = "<group>"; };
		9987D2191BFCD6C700B14779 /* Base */ = {isa = PBXFileReference; lastKnownFileType = file.storyboard; name = Base; path = Base.lproj/Main.storyboard; sourceTree = "<group>"; };
		9987D21B1BFCD6C700B14779 /* Assets.xcassets */ = {isa = PBXFileReference; lastKnownFileType = folder.assetcatalog; path = Assets.xcassets; sourceTree = "<group>"; };
		9987D21E1BFCD6C700B14779 /* Base */ = {isa = PBXFileReference; lastKnownFileType = file.storyboard; name = Base; path = Base.lproj/LaunchScreen.storyboard; sourceTree = "<group>"; };
		9987D2201BFCD6C700B14779 /* Info.plist */ = {isa = PBXFileReference; lastKnownFileType = text.plist.xml; path = Info.plist; sourceTree = "<group>"; };
		9987D2271BFCDA1800B14779 /* BusinessCell.swift */ = {isa = PBXFileReference; fileEncoding = 4; lastKnownFileType = sourcecode.swift; path = BusinessCell.swift; sourceTree = "<group>"; };
		9987D22A1BFCDBA600B14779 /* BusinessesViewController.swift */ = {isa = PBXFileReference; fileEncoding = 4; lastKnownFileType = sourcecode.swift; path = BusinessesViewController.swift; sourceTree = "<group>"; };
		9987D22D1BFCDD8A00B14779 /* Business.swift */ = {isa = PBXFileReference; fileEncoding = 4; lastKnownFileType = sourcecode.swift; path = Business.swift; sourceTree = "<group>"; };
		9987D2301BFCE22000B14779 /* YelpClient.swift */ = {isa = PBXFileReference; fileEncoding = 4; lastKnownFileType = sourcecode.swift; path = YelpClient.swift; sourceTree = "<group>"; };
/* End PBXFileReference section */

/* Begin PBXFrameworksBuildPhase section */
		9987D20E1BFCD6C700B14779 /* Frameworks */ = {
			isa = PBXFrameworksBuildPhase;
			buildActionMask = 2147483647;
			files = (
			);
			runOnlyForDeploymentPostprocessing = 0;
		};
/* End PBXFrameworksBuildPhase section */

/* Begin PBXGroup section */
		9987D2081BFCD6C700B14779 = {
			isa = PBXGroup;
			children = (
				9987D2131BFCD6C700B14779 /* Yelp */,
				9987D2121BFCD6C700B14779 /* Products */,
			);
			sourceTree = "<group>";
		};
		9987D2121BFCD6C700B14779 /* Products */ = {
			isa = PBXGroup;
			children = (
				9987D2111BFCD6C700B14779 /* Yelp.app */,
			);
			name = Products;
			sourceTree = "<group>";
		};
		9987D2131BFCD6C700B14779 /* Yelp */ = {
			isa = PBXGroup;
			children = (
				9987D22F1BFCE1E500B14779 /* API */,
				9987D22C1BFCDD6400B14779 /* Models */,
				9987D2291BFCDB7900B14779 /* View Controllers */,
				9987D2261BFCD9F200B14779 /* Views */,
				9987D2141BFCD6C700B14779 /* AppDelegate.swift */,
				9987D2161BFCD6C700B14779 /* ViewController.swift */,
				9987D2181BFCD6C700B14779 /* Main.storyboard */,
				9987D21B1BFCD6C700B14779 /* Assets.xcassets */,
				9987D21D1BFCD6C700B14779 /* LaunchScreen.storyboard */,
				9987D2201BFCD6C700B14779 /* Info.plist */,
			);
			path = Yelp;
			sourceTree = "<group>";
		};
		9987D2261BFCD9F200B14779 /* Views */ = {
			isa = PBXGroup;
			children = (
				9987D2271BFCDA1800B14779 /* BusinessCell.swift */,
			);
			name = Views;
			sourceTree = "<group>";
		};
		9987D2291BFCDB7900B14779 /* View Controllers */ = {
			isa = PBXGroup;
			children = (
				9987D22A1BFCDBA600B14779 /* BusinessesViewController.swift */,
			);
			name = "View Controllers";
			sourceTree = "<group>";
		};
		9987D22C1BFCDD6400B14779 /* Models */ = {
			isa = PBXGroup;
			children = (
				9987D22D1BFCDD8A00B14779 /* Business.swift */,
			);
			name = Models;
			sourceTree = "<group>";
		};
		9987D22F1BFCE1E500B14779 /* API */ = {
			isa = PBXGroup;
			children = (
				9987D2301BFCE22000B14779 /* YelpClient.swift */,
			);
			name = API;
			sourceTree = "<group>";
		};
/* End PBXGroup section */

/* Begin PBXNativeTarget section */
		9987D2101BFCD6C700B14779 /* Yelp */ = {
			isa = PBXNativeTarget;
			buildConfigurationList = 9987D2231BFCD6C700B14779 /* Build configuration list for PBXNativeTarget "Yelp" */;
			buildPhases = (
				9987D20D1BFCD6C700B14779 /* Sources */,
				9987D20E1BFCD6C700B14779 /* Frameworks */,
				9987D20F1BFCD6C700B14779 /* Resources */,
			);
			buildRules = (
			);
			dependencies = (
			);
			name = Yelp;
			productName = Yelp;
			productReference = 9987D2111BFCD6C700B14779 /* Yelp.app */;
			productType = "com.apple.product-type.application";
		};
/* End PBXNativeTarget section */

/* Begin PBXProject section */
		9987D2091BFCD6C700B14779 /* Project object */ = {
			isa = PBXProject;
			attributes = {
				LastSwiftUpdateCheck = 0710;
				LastUpgradeCheck = 0710;
				ORGANIZATIONNAME = Fantageek;
				TargetAttributes = {
					9987D2101BFCD6C700B14779 = {
						CreatedOnToolsVersion = 7.1;
					};
				};
			};
			buildConfigurationList = 9987D20C1BFCD6C700B14779 /* Build configuration list for PBXProject "Yelp" */;
			compatibilityVersion = "Xcode 3.2";
			developmentRegion = English;
			hasScannedForEncodings = 0;
			knownRegions = (
				en,
				Base,
			);
			mainGroup = 9987D2081BFCD6C700B14779;
			productRefGroup = 9987D2121BFCD6C700B14779 /* Products */;
			projectDirPath = "";
			projectRoot = "";
			targets = (
				9987D2101BFCD6C700B14779 /* Yelp */,
			);
		};
/* End PBXProject section */

/* Begin PBXResourcesBuildPhase section */
		9987D20F1BFCD6C700B14779 /* Resources */ = {
			isa = PBXResourcesBuildPhase;
			buildActionMask = 2147483647;
			files = (
				9987D21F1BFCD6C700B14779 /* LaunchScreen.storyboard in Resources */,
				9987D21C1BFCD6C700B14779 /* Assets.xcassets in Resources */,
				9987D21A1BFCD6C700B14779 /* Main.storyboard in Resources */,
			);
			runOnlyForDeploymentPostprocessing = 0;
		};
/* End PBXResourcesBuildPhase section */

/* Begin PBXSourcesBuildPhase section */
		9987D20D1BFCD6C700B14779 /* Sources */ = {
			isa = PBXSourcesBuildPhase;
			buildActionMask = 2147483647;
			files = (
				9987D22B1BFCDBA600B14779 /* BusinessesViewController.swift in Sources */,
				9987D2171BFCD6C700B14779 /* ViewController.swift in Sources */,
				9987D2151BFCD6C700B14779 /* AppDelegate.swift in Sources */,
				9987D22E1BFCDD8A00B14779 /* Business.swift in Sources */,
				9987D2311BFCE22000B14779 /* YelpClient.swift in Sources */,
				9987D2281BFCDA1800B14779 /* BusinessCell.swift in Sources */,
			);
			runOnlyForDeploymentPostprocessing = 0;
		};
/* End PBXSourcesBuildPhase section */

/* Begin PBXVariantGroup section */
		9987D2181BFCD6C700B14779 /* Main.storyboard */ = {
			isa = PBXVariantGroup;
			children = (
				9987D2191BFCD6C700B14779 /* Base */,
			);
			name = Main.storyboard;
			sourceTree = "<group>";
		};
		9987D21D1BFCD6C700B14779 /* LaunchScreen.storyboard */ = {
			isa = PBXVariantGroup;
			children = (
				9987D21E1BFCD6C700B14779 /* Base */,
			);
			name = LaunchScreen.storyboard;
			sourceTree = "<group>";
		};
/* End PBXVariantGroup section */

/* Begin XCBuildConfiguration section */
		9987D2211BFCD6C700B14779 /* Debug */ = {
			isa = XCBuildConfiguration;
			buildSettings = {
				ALWAYS_SEARCH_USER_PATHS = NO;
				CLANG_CXX_LANGUAGE_STANDARD = "gnu++0x";
				CLANG_CXX_LIBRARY = "libc++";
				CLANG_ENABLE_MODULES = YES;
				CLANG_ENABLE_OBJC_ARC = YES;
				CLANG_WARN_BOOL_CONVERSION = YES;
				CLANG_WARN_CONSTANT_CONVERSION = YES;
				CLANG_WARN_DIRECT_OBJC_ISA_USAGE = YES_ERROR;
				CLANG_WARN_EMPTY_BODY = YES;
				CLANG_WARN_ENUM_CONVERSION = YES;
				CLANG_WARN_INT_CONVERSION = YES;
				CLANG_WARN_OBJC_ROOT_CLASS = YES_ERROR;
				CLANG_WARN_UNREACHABLE_CODE = YES;
				CLANG_WARN__DUPLICATE_METHOD_MATCH = YES;
				"CODE_SIGN_IDENTITY[sdk=iphoneos*]" = "iPhone Developer";
				COPY_PHASE_STRIP = NO;
				DEBUG_INFORMATION_FORMAT = dwarf;
				ENABLE_STRICT_OBJC_MSGSEND = YES;
				ENABLE_TESTABILITY = YES;
				GCC_C_LANGUAGE_STANDARD = gnu99;
				GCC_DYNAMIC_NO_PIC = NO;
				GCC_NO_COMMON_BLOCKS = YES;
				GCC_OPTIMIZATION_LEVEL = 0;
				GCC_PREPROCESSOR_DEFINITIONS = (
					"DEBUG=1",
					"$(inherited)",
				);
				GCC_WARN_64_TO_32_BIT_CONVERSION = YES;
				GCC_WARN_ABOUT_RETURN_TYPE = YES_ERROR;
				GCC_WARN_UNDECLARED_SELECTOR = YES;
				GCC_WARN_UNINITIALIZED_AUTOS = YES_AGGRESSIVE;
				GCC_WARN_UNUSED_FUNCTION = YES;
				GCC_WARN_UNUSED_VARIABLE = YES;
				IPHONEOS_DEPLOYMENT_TARGET = 9.1;
				MTL_ENABLE_DEBUG_INFO = YES;
				ONLY_ACTIVE_ARCH = YES;
				SDKROOT = iphoneos;
				SWIFT_OPTIMIZATION_LEVEL = "-Onone";
			};
			name = Debug;
		};
		9987D2221BFCD6C700B14779 /* Release */ = {
			isa = XCBuildConfiguration;
			buildSettings = {
				ALWAYS_SEARCH_USER_PATHS = NO;
				CLANG_CXX_LANGUAGE_STANDARD = "gnu++0x";
				CLANG_CXX_LIBRARY = "libc++";
				CLANG_ENABLE_MODULES = YES;
				CLANG_ENABLE_OBJC_ARC = YES;
				CLANG_WARN_BOOL_CONVERSION = YES;
				CLANG_WARN_CONSTANT_CONVERSION = YES;
				CLANG_WARN_DIRECT_OBJC_ISA_USAGE = YES_ERROR;
				CLANG_WARN_EMPTY_BODY = YES;
				CLANG_WARN_ENUM_CONVERSION = YES;
				CLANG_WARN_INT_CONVERSION = YES;
				CLANG_WARN_OBJC_ROOT_CLASS = YES_ERROR;
				CLANG_WARN_UNREACHABLE_CODE = YES;
				CLANG_WARN__DUPLICATE_METHOD_MATCH = YES;
				"CODE_SIGN_IDENTITY[sdk=iphoneos*]" = "iPhone Developer";
				COPY_PHASE_STRIP = NO;
				DEBUG_INFORMATION_FORMAT = "dwarf-with-dsym";
				ENABLE_NS_ASSERTIONS = NO;
				ENABLE_STRICT_OBJC_MSGSEND = YES;
				GCC_C_LANGUAGE_STANDARD = gnu99;
				GCC_NO_COMMON_BLOCKS = YES;
				GCC_WARN_64_TO_32_BIT_CONVERSION = YES;
				GCC_WARN_ABOUT_RETURN_TYPE = YES_ERROR;
				GCC_WARN_UNDECLARED_SELECTOR = YES;
				GCC_WARN_UNINITIALIZED_AUTOS = YES_AGGRESSIVE;
				GCC_WARN_UNUSED_FUNCTION = YES;
				GCC_WARN_UNUSED_VARIABLE = YES;
				IPHONEOS_DEPLOYMENT_TARGET = 9.1;
				MTL_ENABLE_DEBUG_INFO = NO;
				SDKROOT = iphoneos;
				VALIDATE_PRODUCT = YES;
			};
			name = Release;
		};
		9987D2241BFCD6C700B14779 /* Debug */ = {
			isa = XCBuildConfiguration;
			buildSettings = {
				ASSETCATALOG_COMPILER_APPICON_NAME = AppIcon;
				INFOPLIST_FILE = Yelp/Info.plist;
				LD_RUNPATH_SEARCH_PATHS = "$(inherited) @executable_path/Frameworks";
				PRODUCT_BUNDLE_IDENTIFIER = com.fantageek.Yelp;
				PRODUCT_NAME = "$(TARGET_NAME)";
			};
			name = Debug;
		};
		9987D2251BFCD6C700B14779 /* Release */ = {
			isa = XCBuildConfiguration;
			buildSettings = {
				ASSETCATALOG_COMPILER_APPICON_NAME = AppIcon;
				INFOPLIST_FILE = Yelp/Info.plist;
				LD_RUNPATH_SEARCH_PATHS = "$(inherited) @executable_path/Frameworks";
				PRODUCT_BUNDLE_IDENTIFIER = com.fantageek.Yelp;
				PRODUCT_NAME = "$(TARGET_NAME)";
			};
			name = Release;
		};
/* End XCBuildConfiguration section */

/* Begin XCConfigurationList section */
		9987D20C1BFCD6C700B14779 /* Build configuration list for PBXProject "Yelp" */ = {
			isa = XCConfigurationList;
			buildConfigurations = (
				9987D2211BFCD6C700B14779 /* Debug */,
				9987D2221BFCD6C700B14779 /* Release */,
			);
			defaultConfigurationIsVisible = 0;
			defaultConfigurationName = Release;
		};
		9987D2231BFCD6C700B14779 /* Build configuration list for PBXNativeTarget "Yelp" */ = {
			isa = XCConfigurationList;
			buildConfigurations = (
				9987D2241BFCD6C700B14779 /* Debug */,
				9987D2251BFCD6C700B14779 /* Release */,
			);
			defaultConfigurationIsVisible = 0;
		};
/* End XCConfigurationList section */
	};
	rootObject = 9987D2091BFCD6C700B14779 /* Project object */;
}
